
Microsoft Visual Studio Solution File, Format Version 12.00
# Visual Studio Version 17
VisualStudioVersion = 17.7.34024.191
MinimumVisualStudioVersion = 10.0.40219.1
Project("{8BC9CEB8-8B4A-11D0-8D11-00A0C91BC942}") = "Kleymenov_lab0", "Kleymenov_lab0.vcxproj", "{524B7079-DA54-4F6A-A4D3-3122FFF3E2E4}"
EndProject
Global
	GlobalSection(SolutionConfigurationPlatforms) = preSolution
		Debug|x64 = Debug|x64
		Debug|x86 = Debug|x86
		Release|x64 = Release|x64
		Release|x86 = Release|x86
	EndGlobalSection
	GlobalSection(ProjectConfigurationPlatforms) = postSolution
		{524B7079-DA54-4F6A-A4D3-3122FFF3E2E4}.Debug|x64.ActiveCfg = Debug|x64
		{524B7079-DA54-4F6A-A4D3-3122FFF3E2E4}.Debug|x64.Build.0 = Debug|x64
		{524B7079-DA54-4F6A-A4D3-3122FFF3E2E4}.Debug|x86.ActiveCfg = Debug|Win32
		{524B7079-DA54-4F6A-A4D3-3122FFF3E2E4}.Debug|x86.Build.0 = Debug|Win32
		{524B7079-DA54-4F6A-A4D3-3122FFF3E2E4}.Release|x64.ActiveCfg = Release|x64
		{524B7079-DA54-4F6A-A4D3-3122FFF3E2E4}.Release|x64.Build.0 = Release|x64
		{524B7079-DA54-4F6A-A4D3-3122FFF3E2E4}.Release|x86.ActiveCfg = Release|Win32
		{524B7079-DA54-4F6A-A4D3-3122FFF3E2E4}.Release|x86.Build.0 = Release|Win32
	EndGlobalSection
	GlobalSection(SolutionProperties) = preSolution
		HideSolutionNode = FALSE
	EndGlobalSection
	GlobalSection(ExtensibilityGlobals) = postSolution
		SolutionGuid = {4A955D26-66CE-4557-97E8-545E86F15CD0}
	EndGlobalSection
EndGlobal
